github.com/GRbit/go-pcre v1.0.0 h1:Qv/YZ/tr436mFgep3Y0WAzKOZvAKGOGD0cAMwUcsEJo=
github.com/GRbit/go-pcre v1.0.0/go.mod h1:OuMGyux1WcDrKNwDn9MyQLa2kzxQS/xFyVqXFZ/ay0I=
github.com/jinzhu/inflection v1.0.0 h1:K317FqzuhWc8YvSVlFMCCUb36O/S9MCKRDI7QkRKD/E=
github.com/jinzhu/inflection v1.0.0/go.mod h1:h+uFLlag+Qp1Va5pdKtLDYj+kHp5pxUVkryuEj+Srlc=
github.com/jinzhu/now v1.1.5 h1:/o9tlHleP7gOFmsnYNz3RGnqzefHA47wQpKrrdTIwXQ=
github.com/jinzhu/now v1.1.5/go.mod h1:d3SSVoowX0Lcu0IBviAWJpolVfI5UJVZZ7cO71lE/z8=
github.com/mattn/go-sqlite3 v1.14.16 h1:yOQRA0RpS5PFz/oikGwBEqvAWhWg5ufRz4ETLjwpU1Y=
github.com/mattn/go-sqlite3 v1.14.16/go.mod h1:2eHXhiwb8IkHr+BDWZGa96P6+rkvnG63S2DGjv9HUNg=
github.com/meinside/geektoken v0.0.1 h1:KyVZwSsl6yD6UzaWfR8G48S64IhS+HNaKEHzMLKjhJ4=
github.com/meinside/geektoken v0.0.1/go.mod h1:fcHibWofTfmj/ZgdWRMyWvt8FtmrD4mB8hCFKiF133c=
github.com/meinside/openai-go v0.1.0 h1:VNTo3tEnxwMRtsPLWhXelyfjG08g1cbxI5KMCP6xuSw=
github.com/meinside/openai-go v0.1.0/go.mod h1:dgAFcjVzLjIwKgjSycPHjkml63gBRi4b/k7BskxaNaI=
github.com/meinside/telegram-bot-go v0.9.1 h1:OUkGlYEOMcy4UxeumjUpZMH+ZQ5gZfS3hI4KoT1ewzo=
github.com/meinside/telegram-bot-go v0.9.1/go.mod h1:RzR/y1i7pjalRtwD1vBg8wtkqWR+TI6wwnkTpOy7UJM=
github.com/meinside/version-go v0.0.1 h1:LOEK96dltfVB+m2RIVRC0aT826gm9qbAzdeKv3C1r7E=
github.com/meinside/version-go v0.0.1/go.mod h1:mFvlwbro1E126u4rU727CcHNa8OPFyhq+KDYYNysFj4=
gorm.io/driver/sqlite v1.5.1 h1:hYyrLkAWE71bcarJDPdZNTLWtr8XrSjOWyjUYI6xdL4=
gorm.io/driver/sqlite v1.5.1/go.mod h1:7MZZ2Z8bqyfSQA1gYEV6MagQWj3cpUkJj9Z+d1HEMEQ=
gorm.io/gorm v1.25.1 h1:nsSALe5Pr+cM3V1qwwQ7rOkw+6UeLrX5O4v3llhHa64=
gorm.io/gorm v1.25.1/go.mod h1:L4uxeKpfBml98NYqVqwAdmV1a2nBtAec/cf3fpucW/k=
